
Microsoft Visual Studio Solution File, Format Version 12.00
# Visual Studio Version 17
VisualStudioVersion = 17.11.35327.3
MinimumVisualStudioVersion = 10.0.40219.1
Project("{FAE04EC0-301F-11D3-BF4B-00C04F79EFBC}") = "MTKW_MyApi", "MTKW_MyApi\MTKW_MyApi.csproj", "{6AFAC72F-F406-4931-9875-7F2DC4FEB326}"
EndProject
Global
	GlobalSection(SolutionConfigurationPlatforms) = preSolution
		Debug|Any CPU = Debug|Any CPU
		Release|Any CPU = Release|Any CPU
	EndGlobalSection
	GlobalSection(ProjectConfigurationPlatforms) = postSolution
		{6AFAC72F-F406-4931-9875-7F2DC4FEB326}.Debug|Any CPU.ActiveCfg = Debug|Any CPU
		{6AFAC72F-F406-4931-9875-7F2DC4FEB326}.Debug|Any CPU.Build.0 = Debug|Any CPU
		{6AFAC72F-F406-4931-9875-7F2DC4FEB326}.Release|Any CPU.ActiveCfg = Release|Any CPU
		{6AFAC72F-F406-4931-9875-7F2DC4FEB326}.Release|Any CPU.Build.0 = Release|Any CPU
	EndGlobalSection
	GlobalSection(SolutionProperties) = preSolution
		HideSolutionNode = FALSE
	EndGlobalSection
	GlobalSection(ExtensibilityGlobals) = postSolution
		SolutionGuid = {CF4F331F-5909-469A-89DA-0D2A29614D4B}
	EndGlobalSection
EndGlobal
